speakeasyVersion: 0.0.1
sources:
    Swagger Petstore:
        sourceNamespace: swagger-petstore
        sourceRevisionDigest: sha256:ee330f39d706e8e77512852cc851bab54fbc62107f175c1b290b9eb591978a0d
        sourceBlobDigest: sha256:545f4aba0d6efa3c2746f42428b1b7a9192454705843c3e67a57d575f773d371
        tags:
            - latest
            - 1.0.0
targets:
    openapi:
        source: Swagger Petstore
        sourceNamespace: swagger-petstore
        sourceRevisionDigest: sha256:ee330f39d706e8e77512852cc851bab54fbc62107f175c1b290b9eb591978a0d
        sourceBlobDigest: sha256:545f4aba0d6efa3c2746f42428b1b7a9192454705843c3e67a57d575f773d371
workflow:
    workflowVersion: 1.0.0
    speakeasyVersion: latest
    sources:
        Swagger Petstore:
            inputs:
                - location: openapi.yaml
            output: .speakeasy/out.openapi.yaml
            registry:
                location: registry.speakeasyapi.dev/ian/ian/swagger-petstore
    targets:
        openapi:
            target: ruby
            source: Swagger Petstore
            codeSamples:
                registry:
                    location: registry.speakeasyapi.dev/ian/ian/swagger-petstore-ruby-code-samples
                labelOverride:
                    fixedValue: Ruby (SDK)
                blocking: false
